
Microsoft Visual Studio Solution File, Format Version 12.00
# Visual Studio Version 16
VisualStudioVersion = 25.0.1705.0
MinimumVisualStudioVersion = 10.0.40219.1
Project("{FAE04EC0-301F-11D3-BF4B-00C04F79EFBC}") = "NotificationDotNet6SignalR", "NotificationDotNet6SignalR\NotificationDotNet6SignalR.csproj", "{2084E8A6-0409-4685-85E0-DD7BDDA21835}"
EndProject
Global
	GlobalSection(SolutionConfigurationPlatforms) = preSolution
		Debug|Any CPU = Debug|Any CPU
		Release|Any CPU = Release|Any CPU
	EndGlobalSection
	GlobalSection(ProjectConfigurationPlatforms) = postSolution
		{2084E8A6-0409-4685-85E0-DD7BDDA21835}.Debug|Any CPU.ActiveCfg = Debug|Any CPU
		{2084E8A6-0409-4685-85E0-DD7BDDA21835}.Debug|Any CPU.Build.0 = Debug|Any CPU
		{2084E8A6-0409-4685-85E0-DD7BDDA21835}.Release|Any CPU.ActiveCfg = Release|Any CPU
		{2084E8A6-0409-4685-85E0-DD7BDDA21835}.Release|Any CPU.Build.0 = Release|Any CPU
	EndGlobalSection
	GlobalSection(SolutionProperties) = preSolution
		HideSolutionNode = FALSE
	EndGlobalSection
	GlobalSection(ExtensibilityGlobals) = postSolution
		SolutionGuid = {7C496ACC-8801-4555-8B99-527240D4E727}
	EndGlobalSection
EndGlobal
